<Solution>
  <Project Path="API/InstantMessenger.API.csproj" />
  <Project Path="Application/InstantMessenger.Application.csproj" />
  <Project Path="Domain/InstantMessenger.Domain.csproj" />
  <Project Path="Infrastructure/InstantMessenger.Infrastructure.csproj" />
  <Project Path="InstantMessenger/InstantMessenger.csproj" />
</Solution>
